# THIS IS AN AUTOGENERATED FILE. DO NOT EDIT THIS FILE DIRECTLY.
# yarn lockfile v1


"@colyseus/schema@^0.5.41":
  version "0.5.41"
  resolved "https://registry.yarnpkg.com/@colyseus/schema/-/schema-0.5.41.tgz#0bb3d3653e2b9170fef8732835cc3db2f0d8e8a0"
  integrity sha512-yJXSK6S1bAyWTKuxfNQ2u3KAVHjornnDg8hvbX7T+ZfX8BiYGBTbiv5JIUG9bYXbMRqQnQYa5QlPHjU30R7rJQ==

vue@^2.6.11:
  version "2.6.11"
  resolved "https://registry.yarnpkg.com/vue/-/vue-2.6.11.tgz#76594d877d4b12234406e84e35275c6d514125c5"
  integrity sha512-VfPwgcGABbGAue9+sfrD4PuwFar7gPb1yl1UK1MwXoQPAw0BKSqWfoYCT/ThFrdEVWoI51dBuyCoiNU9bZDZxQ==
